
Microsoft Visual Studio Solution File, Format Version 12.00
# Visual Studio Version 16
VisualStudioVersion = 16.0.32002.261
MinimumVisualStudioVersion = 10.0.40219.1
Project("{FAE04EC0-301F-11D3-BF4B-00C04F79EFBC}") = "SpatialDataSetupApp", "SpatialDataSetupApp\SpatialDataSetupApp.csproj", "{FA27842C-8A51-46AB-BC67-38203A18DCD4}"
EndProject
Global
	GlobalSection(SolutionConfigurationPlatforms) = preSolution
		Debug|Any CPU = Debug|Any CPU
		Release|Any CPU = Release|Any CPU
	EndGlobalSection
	GlobalSection(ProjectConfigurationPlatforms) = postSolution
		{FA27842C-8A51-46AB-BC67-38203A18DCD4}.Debug|Any CPU.ActiveCfg = Debug|Any CPU
		{FA27842C-8A51-46AB-BC67-38203A18DCD4}.Debug|Any CPU.Build.0 = Debug|Any CPU
		{FA27842C-8A51-46AB-BC67-38203A18DCD4}.Release|Any CPU.ActiveCfg = Release|Any CPU
		{FA27842C-8A51-46AB-BC67-38203A18DCD4}.Release|Any CPU.Build.0 = Release|Any CPU
	EndGlobalSection
	GlobalSection(SolutionProperties) = preSolution
		HideSolutionNode = FALSE
	EndGlobalSection
	GlobalSection(ExtensibilityGlobals) = postSolution
		SolutionGuid = {0E83333F-5BA1-4AE5-87AF-6DBA6E401072}
	EndGlobalSection
EndGlobal
